<?xml version="1.0" encoding="utf-8"?>
<Project ToolsVersion="4.0" xmlns="http://schemas.microsoft.com/developer/msbuild/2003">
  <ItemGroup>
    <Filter Include="Quelldateien">
      <UniqueIdentifier>{4FC737F1-C7A5-4376-A066-2A32D752A2FF}</UniqueIdentifier>
      <Extensions>cpp;c;cc;cxx;def;odl;idl;hpj;bat;asm;asmx</Extensions>
    </Filter>
    <Filter Include="Headerdateien">
      <UniqueIdentifier>{93995380-89BD-4b04-88EB-625FBE52EBFB}</UniqueIdentifier>
      <Extensions>h;hh;hpp;hxx;hm;inl;inc;xsd</Extensions>
    </Filter>
    <Filter Include="Ressourcendateien">
      <UniqueIdentifier>{67DA6AB6-F800-4c08-8B7A-83BB121AAD01}</UniqueIdentifier>
      <Extensions>rc;ico;cur;bmp;dlg;rc2;rct;bin;rgs;gif;jpg;jpeg;jpe;resx;tiff;tif;png;wav;mfcribbon-ms</Extensions>
    </Filter>
    <Filter Include="UnitTests">
      <UniqueIdentifier>{e97f7e35-a086-4635-b673-b47fcfb1818d}</UniqueIdentifier>
    </Filter>
    <Filter Include="Shader">
      <UniqueIdentifier>{d8b5b812-8954-4903-9d6a-468c50bb75bf}</UniqueIdentifier>
    </Filter>
  </ItemGroup>
  <ItemGroup>
    <ClInclude Include="Name.h">
      <Filter>Headerdateien</Filter>
    </ClInclude>
    <ClInclude Include="Window.h">
      <Filter>Headerdateien</Filter>
    </ClInclude>
    <ClInclude Include="Image.h">
      <Filter>Headerdateien</Filter>
    </ClInclude>
    <ClInclude Include="Types.h">
      <Filter>Headerdateien</Filter>
    </ClInclude>
    <ClInclude Include="Shader.h">
      <Filter>Headerdateien</Filter>
    </ClInclude>
    <ClInclude Include="Renderer.h">
      <Filter>Headerdateien</Filter>
    </ClInclude>
    <ClInclude Include="Mesh.h">
      <Filter>Headerdateien</Filter>
    </ClInclude>
    <ClInclude Include="Scene.h">
      <Filter>Headerdateien</Filter>
    </ClInclude>
    <ClInclude Include="test_name.h">
      <Filter>UnitTests</Filter>
    </ClInclude>
    <ClInclude Include="VertexBuffer.h">
      <Filter>Headerdateien</Filter>
    </ClInclude>
    <ClInclude Include="IndexBuffer.h">
      <Filter>Headerdateien</Filter>
    </ClInclude>
  </ItemGroup>
  <ItemGroup>
    <ClCompile Include="Main.cpp">
      <Filter>Quelldateien</Filter>
    </ClCompile>
    <ClCompile Include="Window.cpp">
      <Filter>Quelldateien</Filter>
    </ClCompile>
    <ClCompile Include="glad.c">
      <Filter>Quelldateien</Filter>
    </ClCompile>
    <ClCompile Include="Shader.cpp">
      <Filter>Quelldateien</Filter>
    </ClCompile>
  </ItemGroup>
  <ItemGroup>
    <None Include="shader.frag">
      <Filter>Shader</Filter>
    </None>
    <None Include="shader.vert">
      <Filter>Shader</Filter>
    </None>
  </ItemGroup>
</Project>